
Microsoft Visual Studio Solution File, Format Version 12.00
# Visual Studio Version 16
VisualStudioVersion = 25.0.1705.6
MinimumVisualStudioVersion = 10.0.40219.1
Project("{FAE04EC0-301F-11D3-BF4B-00C04F79EFBC}") = "CSD", "CSD\CSD.csproj", "{69A2FE17-E8F6-4604-9298-00B0BC95F1E3}"
EndProject
Project("{FAE04EC0-301F-11D3-BF4B-00C04F79EFBC}") = "SuperMarketAPI", "SuperMarketAPI\SuperMarketAPI.csproj", "{719C0B59-E212-47BB-89F6-3C40CAD48EB3}"
EndProject
Project("{FAE04EC0-301F-11D3-BF4B-00C04F79EFBC}") = "SuperMarketAPI.Tests", "SuperMarketAPI.Tests\SuperMarketAPI.Tests.csproj", "{4F40E496-F9FE-4864-A5C2-9BF3503E2B52}"
EndProject
Global
	GlobalSection(SolutionConfigurationPlatforms) = preSolution
		Debug|Any CPU = Debug|Any CPU
		Release|Any CPU = Release|Any CPU
	EndGlobalSection
	GlobalSection(ProjectConfigurationPlatforms) = postSolution
		{69A2FE17-E8F6-4604-9298-00B0BC95F1E3}.Debug|Any CPU.ActiveCfg = Debug|Any CPU
		{69A2FE17-E8F6-4604-9298-00B0BC95F1E3}.Debug|Any CPU.Build.0 = Debug|Any CPU
		{69A2FE17-E8F6-4604-9298-00B0BC95F1E3}.Release|Any CPU.ActiveCfg = Release|Any CPU
		{69A2FE17-E8F6-4604-9298-00B0BC95F1E3}.Release|Any CPU.Build.0 = Release|Any CPU
		{719C0B59-E212-47BB-89F6-3C40CAD48EB3}.Debug|Any CPU.ActiveCfg = Debug|Any CPU
		{719C0B59-E212-47BB-89F6-3C40CAD48EB3}.Debug|Any CPU.Build.0 = Debug|Any CPU
		{719C0B59-E212-47BB-89F6-3C40CAD48EB3}.Release|Any CPU.ActiveCfg = Release|Any CPU
		{719C0B59-E212-47BB-89F6-3C40CAD48EB3}.Release|Any CPU.Build.0 = Release|Any CPU
		{4F40E496-F9FE-4864-A5C2-9BF3503E2B52}.Debug|Any CPU.ActiveCfg = Debug|Any CPU
		{4F40E496-F9FE-4864-A5C2-9BF3503E2B52}.Debug|Any CPU.Build.0 = Debug|Any CPU
		{4F40E496-F9FE-4864-A5C2-9BF3503E2B52}.Release|Any CPU.ActiveCfg = Release|Any CPU
		{4F40E496-F9FE-4864-A5C2-9BF3503E2B52}.Release|Any CPU.Build.0 = Release|Any CPU
	EndGlobalSection
	GlobalSection(SolutionProperties) = preSolution
		HideSolutionNode = FALSE
	EndGlobalSection
	GlobalSection(ExtensibilityGlobals) = postSolution
		SolutionGuid = {B20D4261-1132-46C9-9673-10BD4B115A70}
	EndGlobalSection
EndGlobal
